
Microsoft Visual Studio Solution File, Format Version 12.00
# Visual Studio Version 17
VisualStudioVersion = 17.3.32922.545
MinimumVisualStudioVersion = 10.0.40219.1
Project("{FAE04EC0-301F-11D3-BF4B-00C04F79EFBC}") = "WishList", "WishList\WishList.csproj", "{8C167E29-5FCC-417C-B843-3B570A56645E}"
EndProject
Global
	GlobalSection(SolutionConfigurationPlatforms) = preSolution
		Debug|Any CPU = Debug|Any CPU
		Release|Any CPU = Release|Any CPU
	EndGlobalSection
	GlobalSection(ProjectConfigurationPlatforms) = postSolution
		{8C167E29-5FCC-417C-B843-3B570A56645E}.Debug|Any CPU.ActiveCfg = Debug|Any CPU
		{8C167E29-5FCC-417C-B843-3B570A56645E}.Debug|Any CPU.Build.0 = Debug|Any CPU
		{8C167E29-5FCC-417C-B843-3B570A56645E}.Release|Any CPU.ActiveCfg = Release|Any CPU
		{8C167E29-5FCC-417C-B843-3B570A56645E}.Release|Any CPU.Build.0 = Release|Any CPU
	EndGlobalSection
	GlobalSection(SolutionProperties) = preSolution
		HideSolutionNode = FALSE
	EndGlobalSection
	GlobalSection(ExtensibilityGlobals) = postSolution
		SolutionGuid = {4A2F91AA-4693-4F81-ACB2-2DA566ACB56B}
	EndGlobalSection
EndGlobal
